
Microsoft Visual Studio Solution File, Format Version 12.00
# Visual Studio 15
VisualStudioVersion = 15.0.27130.2036
MinimumVisualStudioVersion = 10.0.40219.1
Project("{FAE04EC0-301F-11D3-BF4B-00C04F79EFBC}") = "RHW", "RHW\RHW.csproj", "{E858F8D3-886E-449B-B215-65DF44166702}"
EndProject
Project("{2150E333-8FDC-42A3-9474-1A3956D46DE8}") = "SandboxProjects", "SandboxProjects", "{BB2B7B72-216E-417C-AACE-FF2F41C25F41}"
EndProject
Project("{FAE04EC0-301F-11D3-BF4B-00C04F79EFBC}") = "EditorManipulatingExtension", "EditorManipulatingExtension\EditorManipulatingExtension.csproj", "{4E8A4F99-FFD7-40BC-BF18-7D8A90C1F16D}"
EndProject
Project("{FAE04EC0-301F-11D3-BF4B-00C04F79EFBC}") = "EqualsEqualsTrueHighlightingSample", "EqualsEqualsTrueHighlightingSample\EqualsEqualsTrueHighlightingSample.csproj", "{3B9FB9B9-387F-46ED-B7B3-28887784ED5D}"
EndProject
Project("{FAE04EC0-301F-11D3-BF4B-00C04F79EFBC}") = "ToolBoxWindowExtensionSample", "ToolBoxWindowExtensionSample\ToolBoxWindowExtensionSample.csproj", "{EFAADAA2-A413-49D5-BD32-FFBCAECCEFC8}"
EndProject
Project("{FAE04EC0-301F-11D3-BF4B-00C04F79EFBC}") = "VSExtensionSandbox", "VSExtensionSandbox\VSExtensionSandbox.csproj", "{C98DD8F8-EFDB-4F0E-800E-FFB168EF4EA9}"
EndProject
Project("{FAE04EC0-301F-11D3-BF4B-00C04F79EFBC}") = "RoslynVsixSandbox", "RoslynVsixSandbox\RoslynVsixSandbox.csproj", "{70115804-70FD-4AB9-9EA1-7F9897EBBA2F}"
EndProject
Project("{FAE04EC0-301F-11D3-BF4B-00C04F79EFBC}") = "RoslynSandbox", "RoslynSandbox\RoslynSandbox.csproj", "{95426AB6-D4B7-46CD-9CE3-02C7088C1AA6}"
EndProject
Project("{FAE04EC0-301F-11D3-BF4B-00C04F79EFBC}") = "RoslynSampleAppliedRefactoring", "RoslynSampleAppliedRefactoring\RoslynSampleAppliedRefactoring.csproj", "{77C5DF14-6815-4786-BEF8-5D42AC2C49BE}"
EndProject
Project("{FAE04EC0-301F-11D3-BF4B-00C04F79EFBC}") = "RoslynSampleRefactoring", "RoslynSampleRefactoring\RoslynSampleRefactoring.csproj", "{28170C67-2917-45DD-B04C-041773C0DC6D}"
EndProject
Project("{FAE04EC0-301F-11D3-BF4B-00C04F79EFBC}") = "NHunspellApplied", "NHunspellApplied\NHunspellApplied.csproj", "{96B730E3-9DF9-45D5-A367-34C4BBA53C6E}"
EndProject
Project("{FAE04EC0-301F-11D3-BF4B-00C04F79EFBC}") = "NHunspellSandbox", "NHunspellSandbox\NHunspellSandbox.csproj", "{C7E499F1-8C4E-4B41-9260-60FCA88257BA}"
EndProject
Project("{FAE04EC0-301F-11D3-BF4B-00C04F79EFBC}") = "NHunspellWordNetSandbox", "NHunspellWordNetSandbox\NHunspellWordNetSandbox.csproj", "{D0AB0326-9BA1-40E5-8A57-115A67DD63AB}"
EndProject
Global
	GlobalSection(SolutionConfigurationPlatforms) = preSolution
		Debug|Any CPU = Debug|Any CPU
		Release|Any CPU = Release|Any CPU
	EndGlobalSection
	GlobalSection(ProjectConfigurationPlatforms) = postSolution
		{E858F8D3-886E-449B-B215-65DF44166702}.Debug|Any CPU.ActiveCfg = Debug|Any CPU
		{E858F8D3-886E-449B-B215-65DF44166702}.Debug|Any CPU.Build.0 = Debug|Any CPU
		{E858F8D3-886E-449B-B215-65DF44166702}.Release|Any CPU.ActiveCfg = Release|Any CPU
		{E858F8D3-886E-449B-B215-65DF44166702}.Release|Any CPU.Build.0 = Release|Any CPU
		{4E8A4F99-FFD7-40BC-BF18-7D8A90C1F16D}.Debug|Any CPU.ActiveCfg = Debug|Any CPU
		{4E8A4F99-FFD7-40BC-BF18-7D8A90C1F16D}.Debug|Any CPU.Build.0 = Debug|Any CPU
		{4E8A4F99-FFD7-40BC-BF18-7D8A90C1F16D}.Release|Any CPU.ActiveCfg = Release|Any CPU
		{4E8A4F99-FFD7-40BC-BF18-7D8A90C1F16D}.Release|Any CPU.Build.0 = Release|Any CPU
		{3B9FB9B9-387F-46ED-B7B3-28887784ED5D}.Debug|Any CPU.ActiveCfg = Debug|Any CPU
		{3B9FB9B9-387F-46ED-B7B3-28887784ED5D}.Debug|Any CPU.Build.0 = Debug|Any CPU
		{3B9FB9B9-387F-46ED-B7B3-28887784ED5D}.Release|Any CPU.ActiveCfg = Release|Any CPU
		{3B9FB9B9-387F-46ED-B7B3-28887784ED5D}.Release|Any CPU.Build.0 = Release|Any CPU
		{EFAADAA2-A413-49D5-BD32-FFBCAECCEFC8}.Debug|Any CPU.ActiveCfg = Debug|Any CPU
		{EFAADAA2-A413-49D5-BD32-FFBCAECCEFC8}.Debug|Any CPU.Build.0 = Debug|Any CPU
		{EFAADAA2-A413-49D5-BD32-FFBCAECCEFC8}.Release|Any CPU.ActiveCfg = Release|Any CPU
		{EFAADAA2-A413-49D5-BD32-FFBCAECCEFC8}.Release|Any CPU.Build.0 = Release|Any CPU
		{C98DD8F8-EFDB-4F0E-800E-FFB168EF4EA9}.Debug|Any CPU.ActiveCfg = Debug|Any CPU
		{C98DD8F8-EFDB-4F0E-800E-FFB168EF4EA9}.Debug|Any CPU.Build.0 = Debug|Any CPU
		{C98DD8F8-EFDB-4F0E-800E-FFB168EF4EA9}.Release|Any CPU.ActiveCfg = Release|Any CPU
		{C98DD8F8-EFDB-4F0E-800E-FFB168EF4EA9}.Release|Any CPU.Build.0 = Release|Any CPU
		{70115804-70FD-4AB9-9EA1-7F9897EBBA2F}.Debug|Any CPU.ActiveCfg = Debug|Any CPU
		{70115804-70FD-4AB9-9EA1-7F9897EBBA2F}.Debug|Any CPU.Build.0 = Debug|Any CPU
		{70115804-70FD-4AB9-9EA1-7F9897EBBA2F}.Release|Any CPU.ActiveCfg = Release|Any CPU
		{70115804-70FD-4AB9-9EA1-7F9897EBBA2F}.Release|Any CPU.Build.0 = Release|Any CPU
		{95426AB6-D4B7-46CD-9CE3-02C7088C1AA6}.Debug|Any CPU.ActiveCfg = Debug|Any CPU
		{95426AB6-D4B7-46CD-9CE3-02C7088C1AA6}.Debug|Any CPU.Build.0 = Debug|Any CPU
		{95426AB6-D4B7-46CD-9CE3-02C7088C1AA6}.Release|Any CPU.ActiveCfg = Release|Any CPU
		{95426AB6-D4B7-46CD-9CE3-02C7088C1AA6}.Release|Any CPU.Build.0 = Release|Any CPU
		{77C5DF14-6815-4786-BEF8-5D42AC2C49BE}.Debug|Any CPU.ActiveCfg = Debug|Any CPU
		{77C5DF14-6815-4786-BEF8-5D42AC2C49BE}.Debug|Any CPU.Build.0 = Debug|Any CPU
		{77C5DF14-6815-4786-BEF8-5D42AC2C49BE}.Release|Any CPU.ActiveCfg = Release|Any CPU
		{77C5DF14-6815-4786-BEF8-5D42AC2C49BE}.Release|Any CPU.Build.0 = Release|Any CPU
		{28170C67-2917-45DD-B04C-041773C0DC6D}.Debug|Any CPU.ActiveCfg = Debug|Any CPU
		{28170C67-2917-45DD-B04C-041773C0DC6D}.Debug|Any CPU.Build.0 = Debug|Any CPU
		{28170C67-2917-45DD-B04C-041773C0DC6D}.Release|Any CPU.ActiveCfg = Release|Any CPU
		{28170C67-2917-45DD-B04C-041773C0DC6D}.Release|Any CPU.Build.0 = Release|Any CPU
		{96B730E3-9DF9-45D5-A367-34C4BBA53C6E}.Debug|Any CPU.ActiveCfg = Debug|Any CPU
		{96B730E3-9DF9-45D5-A367-34C4BBA53C6E}.Debug|Any CPU.Build.0 = Debug|Any CPU
		{96B730E3-9DF9-45D5-A367-34C4BBA53C6E}.Release|Any CPU.ActiveCfg = Release|Any CPU
		{96B730E3-9DF9-45D5-A367-34C4BBA53C6E}.Release|Any CPU.Build.0 = Release|Any CPU
		{C7E499F1-8C4E-4B41-9260-60FCA88257BA}.Debug|Any CPU.ActiveCfg = Debug|Any CPU
		{C7E499F1-8C4E-4B41-9260-60FCA88257BA}.Debug|Any CPU.Build.0 = Debug|Any CPU
		{C7E499F1-8C4E-4B41-9260-60FCA88257BA}.Release|Any CPU.ActiveCfg = Release|Any CPU
		{C7E499F1-8C4E-4B41-9260-60FCA88257BA}.Release|Any CPU.Build.0 = Release|Any CPU
		{D0AB0326-9BA1-40E5-8A57-115A67DD63AB}.Debug|Any CPU.ActiveCfg = Debug|Any CPU
		{D0AB0326-9BA1-40E5-8A57-115A67DD63AB}.Debug|Any CPU.Build.0 = Debug|Any CPU
		{D0AB0326-9BA1-40E5-8A57-115A67DD63AB}.Release|Any CPU.ActiveCfg = Release|Any CPU
		{D0AB0326-9BA1-40E5-8A57-115A67DD63AB}.Release|Any CPU.Build.0 = Release|Any CPU
	EndGlobalSection
	GlobalSection(SolutionProperties) = preSolution
		HideSolutionNode = FALSE
	EndGlobalSection
	GlobalSection(NestedProjects) = preSolution
		{4E8A4F99-FFD7-40BC-BF18-7D8A90C1F16D} = {BB2B7B72-216E-417C-AACE-FF2F41C25F41}
		{3B9FB9B9-387F-46ED-B7B3-28887784ED5D} = {BB2B7B72-216E-417C-AACE-FF2F41C25F41}
		{EFAADAA2-A413-49D5-BD32-FFBCAECCEFC8} = {BB2B7B72-216E-417C-AACE-FF2F41C25F41}
		{C98DD8F8-EFDB-4F0E-800E-FFB168EF4EA9} = {BB2B7B72-216E-417C-AACE-FF2F41C25F41}
		{70115804-70FD-4AB9-9EA1-7F9897EBBA2F} = {BB2B7B72-216E-417C-AACE-FF2F41C25F41}
		{95426AB6-D4B7-46CD-9CE3-02C7088C1AA6} = {BB2B7B72-216E-417C-AACE-FF2F41C25F41}
		{77C5DF14-6815-4786-BEF8-5D42AC2C49BE} = {BB2B7B72-216E-417C-AACE-FF2F41C25F41}
		{28170C67-2917-45DD-B04C-041773C0DC6D} = {BB2B7B72-216E-417C-AACE-FF2F41C25F41}
		{96B730E3-9DF9-45D5-A367-34C4BBA53C6E} = {BB2B7B72-216E-417C-AACE-FF2F41C25F41}
		{C7E499F1-8C4E-4B41-9260-60FCA88257BA} = {BB2B7B72-216E-417C-AACE-FF2F41C25F41}
		{D0AB0326-9BA1-40E5-8A57-115A67DD63AB} = {BB2B7B72-216E-417C-AACE-FF2F41C25F41}
	EndGlobalSection
	GlobalSection(ExtensibilityGlobals) = postSolution
		SolutionGuid = {0C35E311-97AD-47C1-873D-D74F3EAA5DC5}
	EndGlobalSection
EndGlobal
