
Microsoft Visual Studio Solution File, Format Version 12.00
# Visual Studio 15
VisualStudioVersion = 15.0.26730.12
MinimumVisualStudioVersion = 10.0.40219.1
Project("{FAE04EC0-301F-11D3-BF4B-00C04F79EFBC}") = "NHunspellSandbox", "NHunspellSandbox\NHunspellSandbox.csproj", "{C7E499F1-8C4E-4B41-9260-60FCA88257BA}"
EndProject
Global
	GlobalSection(SolutionConfigurationPlatforms) = preSolution
		Debug|Any CPU = Debug|Any CPU
		Release|Any CPU = Release|Any CPU
	EndGlobalSection
	GlobalSection(ProjectConfigurationPlatforms) = postSolution
		{C7E499F1-8C4E-4B41-9260-60FCA88257BA}.Debug|Any CPU.ActiveCfg = Debug|Any CPU
		{C7E499F1-8C4E-4B41-9260-60FCA88257BA}.Debug|Any CPU.Build.0 = Debug|Any CPU
		{C7E499F1-8C4E-4B41-9260-60FCA88257BA}.Release|Any CPU.ActiveCfg = Release|Any CPU
		{C7E499F1-8C4E-4B41-9260-60FCA88257BA}.Release|Any CPU.Build.0 = Release|Any CPU
	EndGlobalSection
	GlobalSection(SolutionProperties) = preSolution
		HideSolutionNode = FALSE
	EndGlobalSection
	GlobalSection(ExtensibilityGlobals) = postSolution
		SolutionGuid = {8876876C-A3E5-42EE-A46E-DBAED7CD8563}
	EndGlobalSection
EndGlobal
